
Microsoft Visual Studio Solution File, Format Version 12.00
# Visual Studio Version 17
VisualStudioVersion = 17.11.35327.3
MinimumVisualStudioVersion = 10.0.40219.1
Project("{FAE04EC0-301F-11D3-BF4B-00C04F79EFBC}") = "GameServer", "GameServer\GameServer.csproj", "{1CA7043B-546C-4D76-9E2A-388C5DA817CE}"
EndProject
Global
	GlobalSection(SolutionConfigurationPlatforms) = preSolution
		Debug|Any CPU = Debug|Any CPU
		Release|Any CPU = Release|Any CPU
	EndGlobalSection
	GlobalSection(ProjectConfigurationPlatforms) = postSolution
		{1CA7043B-546C-4D76-9E2A-388C5DA817CE}.Debug|Any CPU.ActiveCfg = Debug|Any CPU
		{1CA7043B-546C-4D76-9E2A-388C5DA817CE}.Debug|Any CPU.Build.0 = Debug|Any CPU
		{1CA7043B-546C-4D76-9E2A-388C5DA817CE}.Release|Any CPU.ActiveCfg = Release|Any CPU
		{1CA7043B-546C-4D76-9E2A-388C5DA817CE}.Release|Any CPU.Build.0 = Release|Any CPU
	EndGlobalSection
	GlobalSection(SolutionProperties) = preSolution
		HideSolutionNode = FALSE
	EndGlobalSection
	GlobalSection(ExtensibilityGlobals) = postSolution
		SolutionGuid = {6E94F43C-0D96-4F17-A104-F47904D28A7E}
	EndGlobalSection
EndGlobal
